// !$*UTF8*$!
{
	archiveVersion = 1;
	classes = {
	};
	objectVersion = 55;
	objects = {

/* Begin PBXBuildFile section */
		A521EF332912BD6F00DA5322 /* ViewController.swift in Sources */ = {isa = PBXBuildFile; fileRef = A521EF302912BD6F00DA5322 /* ViewController.swift */; };
		A566933F29A24D1200739915 /* Default.metal in Sources */ = {isa = PBXBuildFile; fileRef = A566933E29A24D1200739915 /* Default.metal */; };
		A5B4E5E728F1344900CD8866 /* AppDelegate.swift in Sources */ = {isa = PBXBuildFile; fileRef = A5B4E5E628F1344900CD8866 /* AppDelegate.swift */; };
		A5B4E5E928F1344900CD8866 /* SceneDelegate.swift in Sources */ = {isa = PBXBuildFile; fileRef = A5B4E5E828F1344900CD8866 /* SceneDelegate.swift */; };
		A5B4E5EE28F1344900CD8866 /* Main.storyboard in Resources */ = {isa = PBXBuildFile; fileRef = A5B4E5EC28F1344900CD8866 /* Main.storyboard */; };
		A5B4E5F128F1344900CD8866 /* AllTest.xcdatamodeld in Sources */ = {isa = PBXBuildFile; fileRef = A5B4E5EF28F1344900CD8866 /* AllTest.xcdatamodeld */; };
		A5B4E5F328F1344B00CD8866 /* Assets.xcassets in Resources */ = {isa = PBXBuildFile; fileRef = A5B4E5F228F1344B00CD8866 /* Assets.xcassets */; };
		A5B4E5F628F1344C00CD8866 /* LaunchScreen.storyboard in Resources */ = {isa = PBXBuildFile; fileRef = A5B4E5F428F1344B00CD8866 /* LaunchScreen.storyboard */; };
		A5C54A6929B2EFAA00ED9EEA /* ButtonCollectionViewCell.swift in Sources */ = {isa = PBXBuildFile; fileRef = A5C54A6829B2EFAA00ED9EEA /* ButtonCollectionViewCell.swift */; };
		A5C54A6D29B5A5F100ED9EEA /* layout.swift in Sources */ = {isa = PBXBuildFile; fileRef = A5C54A6C29B5A5F100ED9EEA /* layout.swift */; };
		FE2BE269E3C21D1FC01DB93D /* Pods_AllTest.framework in Frameworks */ = {isa = PBXBuildFile; fileRef = 65B357E9C245210678B313E9 /* Pods_AllTest.framework */; };
/* End PBXBuildFile section */

/* Begin PBXFileReference section */
		65B357E9C245210678B313E9 /* Pods_AllTest.framework */ = {isa = PBXFileReference; explicitFileType = wrapper.framework; includeInIndex = 0; path = Pods_AllTest.framework; sourceTree = BUILT_PRODUCTS_DIR; };
		959E8DA6501E37EFA4F7F40C /* Pods-AllTest.debug.xcconfig */ = {isa = PBXFileReference; includeInIndex = 1; lastKnownFileType = text.xcconfig; name = "Pods-AllTest.debug.xcconfig"; path = "Target Support Files/Pods-AllTest/Pods-AllTest.debug.xcconfig"; sourceTree = "<group>"; };
		A521EF302912BD6F00DA5322 /* ViewController.swift */ = {isa = PBXFileReference; fileEncoding = 4; lastKnownFileType = sourcecode.swift; path = ViewController.swift; sourceTree = "<group>"; };
		A566933E29A24D1200739915 /* Default.metal */ = {isa = PBXFileReference; lastKnownFileType = sourcecode.metal; path = Default.metal; sourceTree = "<group>"; };
		A5B4E5E328F1344900CD8866 /* AllTest.app */ = {isa = PBXFileReference; explicitFileType = wrapper.application; includeInIndex = 0; path = AllTest.app; sourceTree = BUILT_PRODUCTS_DIR; };
		A5B4E5E628F1344900CD8866 /* AppDelegate.swift */ = {isa = PBXFileReference; lastKnownFileType = sourcecode.swift; path = AppDelegate.swift; sourceTree = "<group>"; };
		A5B4E5E828F1344900CD8866 /* SceneDelegate.swift */ = {isa = PBXFileReference; lastKnownFileType = sourcecode.swift; path = SceneDelegate.swift; sourceTree = "<group>"; };
		A5B4E5ED28F1344900CD8866 /* Base */ = {isa = PBXFileReference; lastKnownFileType = file.storyboard; name = Base; path = Base.lproj/Main.storyboard; sourceTree = "<group>"; };
		A5B4E5F028F1344900CD8866 /* AllTest.xcdatamodel */ = {isa = PBXFileReference; lastKnownFileType = wrapper.xcdatamodel; path = AllTest.xcdatamodel; sourceTree = "<group>"; };
		A5B4E5F228F1344B00CD8866 /* Assets.xcassets */ = {isa = PBXFileReference; lastKnownFileType = folder.assetcatalog; path = Assets.xcassets; sourceTree = "<group>"; };
		A5B4E5F528F1344B00CD8866 /* Base */ = {isa = PBXFileReference; lastKnownFileType = file.storyboard; name = Base; path = Base.lproj/LaunchScreen.storyboard; sourceTree = "<group>"; };
		A5B4E5F728F1344C00CD8866 /* Info.plist */ = {isa = PBXFileReference; lastKnownFileType = text.plist.xml; path = Info.plist; sourceTree = "<group>"; };
		A5C54A6829B2EFAA00ED9EEA /* ButtonCollectionViewCell.swift */ = {isa = PBXFileReference; lastKnownFileType = sourcecode.swift; path = ButtonCollectionViewCell.swift; sourceTree = "<group>"; };
		A5C54A6C29B5A5F100ED9EEA /* layout.swift */ = {isa = PBXFileReference; lastKnownFileType = sourcecode.swift; path = layout.swift; sourceTree = "<group>"; };
		AD1AE843A1961D91EE1C0E57 /* Pods-AllTest.release.xcconfig */ = {isa = PBXFileReference; includeInIndex = 1; lastKnownFileType = text.xcconfig; name = "Pods-AllTest.release.xcconfig"; path = "Target Support Files/Pods-AllTest/Pods-AllTest.release.xcconfig"; sourceTree = "<group>"; };
/* End PBXFileReference section */

/* Begin PBXFrameworksBuildPhase section */
		A5B4E5E028F1344900CD8866 /* Frameworks */ = {
			isa = PBXFrameworksBuildPhase;
			buildActionMask = 2147483647;
			files = (
				FE2BE269E3C21D1FC01DB93D /* Pods_AllTest.framework in Frameworks */,
			);
			runOnlyForDeploymentPostprocessing = 0;
		};
/* End PBXFrameworksBuildPhase section */

/* Begin PBXGroup section */
		A5B4E5DA28F1344900CD8866 = {
			isa = PBXGroup;
			children = (
				A566933E29A24D1200739915 /* Default.metal */,
				A5B4E5E528F1344900CD8866 /* AllTest */,
				A5B4E5E428F1344900CD8866 /* Products */,
				F7DF41D7037A0F1A604DCEF9 /* Pods */,
				BB9CF12ECB558E8DC29758EF /* Frameworks */,
			);
			sourceTree = "<group>";
		};
		A5B4E5E428F1344900CD8866 /* Products */ = {
			isa = PBXGroup;
			children = (
				A5B4E5E328F1344900CD8866 /* AllTest.app */,
			);
			name = Products;
			sourceTree = "<group>";
		};
		A5B4E5E528F1344900CD8866 /* AllTest */ = {
			isa = PBXGroup;
			children = (
				A5B4E5E628F1344900CD8866 /* AppDelegate.swift */,
				A5B4E5E828F1344900CD8866 /* SceneDelegate.swift */,
				A5B4E5EC28F1344900CD8866 /* Main.storyboard */,
				A5B4E5F228F1344B00CD8866 /* Assets.xcassets */,
				A5B4E5F428F1344B00CD8866 /* LaunchScreen.storyboard */,
				A5B4E5F728F1344C00CD8866 /* Info.plist */,
				A5B4E5EF28F1344900CD8866 /* AllTest.xcdatamodeld */,
				A521EF302912BD6F00DA5322 /* ViewController.swift */,
				A5C54A6829B2EFAA00ED9EEA /* ButtonCollectionViewCell.swift */,
				A5C54A6C29B5A5F100ED9EEA /* layout.swift */,
			);
			path = AllTest;
			sourceTree = "<group>";
		};
		BB9CF12ECB558E8DC29758EF /* Frameworks */ = {
			isa = PBXGroup;
			children = (
				65B357E9C245210678B313E9 /* Pods_AllTest.framework */,
			);
			name = Frameworks;
			sourceTree = "<group>";
		};
		F7DF41D7037A0F1A604DCEF9 /* Pods */ = {
			isa = PBXGroup;
			children = (
				959E8DA6501E37EFA4F7F40C /* Pods-AllTest.debug.xcconfig */,
				AD1AE843A1961D91EE1C0E57 /* Pods-AllTest.release.xcconfig */,
			);
			path = Pods;
			sourceTree = "<group>";
		};
/* End PBXGroup section */

/* Begin PBXNativeTarget section */
		A5B4E5E228F1344900CD8866 /* AllTest */ = {
			isa = PBXNativeTarget;
			buildConfigurationList = A5B4E5FA28F1344C00CD8866 /* Build configuration list for PBXNativeTarget "AllTest" */;
			buildPhases = (
				6422019923AA032031D7EE1A /* [CP] Check Pods Manifest.lock */,
				A5B4E5DF28F1344900CD8866 /* Sources */,
				A5B4E5E028F1344900CD8866 /* Frameworks */,
				A5B4E5E128F1344900CD8866 /* Resources */,
				16447AF057057652CC2C89A0 /* [CP] Embed Pods Frameworks */,
			);
			buildRules = (
			);
			dependencies = (
			);
			name = AllTest;
			productName = AllTest;
			productReference = A5B4E5E328F1344900CD8866 /* AllTest.app */;
			productType = "com.apple.product-type.application";
		};
/* End PBXNativeTarget section */

/* Begin PBXProject section */
		A5B4E5DB28F1344900CD8866 /* Project object */ = {
			isa = PBXProject;
			attributes = {
				BuildIndependentTargetsInParallel = 1;
				LastSwiftUpdateCheck = 1400;
				LastUpgradeCheck = 1400;
				TargetAttributes = {
					A5B4E5E228F1344900CD8866 = {
						CreatedOnToolsVersion = 14.0.1;
					};
				};
			};
			buildConfigurationList = A5B4E5DE28F1344900CD8866 /* Build configuration list for PBXProject "AllTest" */;
			compatibilityVersion = "Xcode 13.0";
			developmentRegion = en;
			hasScannedForEncodings = 0;
			knownRegions = (
				en,
				Base,
			);
			mainGroup = A5B4E5DA28F1344900CD8866;
			productRefGroup = A5B4E5E428F1344900CD8866 /* Products */;
			projectDirPath = "";
			projectRoot = "";
			targets = (
				A5B4E5E228F1344900CD8866 /* AllTest */,
			);
		};
/* End PBXProject section */

/* Begin PBXResourcesBuildPhase section */
		A5B4E5E128F1344900CD8866 /* Resources */ = {
			isa = PBXResourcesBuildPhase;
			buildActionMask = 2147483647;
			files = (
				A5B4E5F628F1344C00CD8866 /* LaunchScreen.storyboard in Resources */,
				A5B4E5F328F1344B00CD8866 /* Assets.xcassets in Resources */,
				A5B4E5EE28F1344900CD8866 /* Main.storyboard in Resources */,
			);
			runOnlyForDeploymentPostprocessing = 0;
		};
/* End PBXResourcesBuildPhase section */

/* Begin PBXShellScriptBuildPhase section */
		16447AF057057652CC2C89A0 /* [CP] Embed Pods Frameworks */ = {
			isa = PBXShellScriptBuildPhase;
			buildActionMask = 2147483647;
			files = (
			);
			inputFileListPaths = (
				"${PODS_ROOT}/Target Support Files/Pods-AllTest/Pods-AllTest-frameworks-${CONFIGURATION}-input-files.xcfilelist",
			);
			name = "[CP] Embed Pods Frameworks";
			outputFileListPaths = (
				"${PODS_ROOT}/Target Support Files/Pods-AllTest/Pods-AllTest-frameworks-${CONFIGURATION}-output-files.xcfilelist",
			);
			runOnlyForDeploymentPostprocessing = 0;
			shellPath = /bin/sh;
			shellScript = "\"${PODS_ROOT}/Target Support Files/Pods-AllTest/Pods-AllTest-frameworks.sh\"\n";
			showEnvVarsInLog = 0;
		};
		6422019923AA032031D7EE1A /* [CP] Check Pods Manifest.lock */ = {
			isa = PBXShellScriptBuildPhase;
			buildActionMask = 2147483647;
			files = (
			);
			inputFileListPaths = (
			);
			inputPaths = (
				"${PODS_PODFILE_DIR_PATH}/Podfile.lock",
				"${PODS_ROOT}/Manifest.lock",
			);
			name = "[CP] Check Pods Manifest.lock";
			outputFileListPaths = (
			);
			outputPaths = (
				"$(DERIVED_FILE_DIR)/Pods-AllTest-checkManifestLockResult.txt",
			);
			runOnlyForDeploymentPostprocessing = 0;
			shellPath = /bin/sh;
			shellScript = "diff \"${PODS_PODFILE_DIR_PATH}/Podfile.lock\" \"${PODS_ROOT}/Manifest.lock\" > /dev/null\nif [ $? != 0 ] ; then\n    # print error to STDERR\n    echo \"error: The sandbox is not in sync with the Podfile.lock. Run 'pod install' or update your CocoaPods installation.\" >&2\n    exit 1\nfi\n# This output is used by Xcode 'outputs' to avoid re-running this script phase.\necho \"SUCCESS\" > \"${SCRIPT_OUTPUT_FILE_0}\"\n";
			showEnvVarsInLog = 0;
		};
/* End PBXShellScriptBuildPhase section */

/* Begin PBXSourcesBuildPhase section */
		A5B4E5DF28F1344900CD8866 /* Sources */ = {
			isa = PBXSourcesBuildPhase;
			buildActionMask = 2147483647;
			files = (
				A521EF332912BD6F00DA5322 /* ViewController.swift in Sources */,
				A5B4E5F128F1344900CD8866 /* AllTest.xcdatamodeld in Sources */,
				A5B4E5E728F1344900CD8866 /* AppDelegate.swift in Sources */,
				A566933F29A24D1200739915 /* Default.metal in Sources */,
				A5B4E5E928F1344900CD8866 /* SceneDelegate.swift in Sources */,
				A5C54A6D29B5A5F100ED9EEA /* layout.swift in Sources */,
				A5C54A6929B2EFAA00ED9EEA /* ButtonCollectionViewCell.swift in Sources */,
			);
			runOnlyForDeploymentPostprocessing = 0;
		};
/* End PBXSourcesBuildPhase section */

/* Begin PBXVariantGroup section */
		A5B4E5EC28F1344900CD8866 /* Main.storyboard */ = {
			isa = PBXVariantGroup;
			children = (
				A5B4E5ED28F1344900CD8866 /* Base */,
			);
			name = Main.storyboard;
			sourceTree = "<group>";
		};
		A5B4E5F428F1344B00CD8866 /* LaunchScreen.storyboard */ = {
			isa = PBXVariantGroup;
			children = (
				A5B4E5F528F1344B00CD8866 /* Base */,
			);
			name = LaunchScreen.storyboard;
			sourceTree = "<group>";
		};
/* End PBXVariantGroup section */

/* Begin XCBuildConfiguration section */
		A5B4E5F828F1344C00CD8866 /* Debug */ = {
			isa = XCBuildConfiguration;
			buildSettings = {
				ALWAYS_SEARCH_USER_PATHS = NO;
				CLANG_ANALYZER_NONNULL = YES;
				CLANG_ANALYZER_NUMBER_OBJECT_CONVERSION = YES_AGGRESSIVE;
				CLANG_CXX_LANGUAGE_STANDARD = "gnu++20";
				CLANG_ENABLE_MODULES = YES;
				CLANG_ENABLE_OBJC_ARC = YES;
				CLANG_ENABLE_OBJC_WEAK = YES;
				CLANG_WARN_BLOCK_CAPTURE_AUTORELEASING = YES;
				CLANG_WARN_BOOL_CONVERSION = YES;
				CLANG_WARN_COMMA = YES;
				CLANG_WARN_CONSTANT_CONVERSION = YES;
				CLANG_WARN_DEPRECATED_OBJC_IMPLEMENTATIONS = YES;
				CLANG_WARN_DIRECT_OBJC_ISA_USAGE = YES_ERROR;
				CLANG_WARN_DOCUMENTATION_COMMENTS = YES;
				CLANG_WARN_EMPTY_BODY = YES;
				CLANG_WARN_ENUM_CONVERSION = YES;
				CLANG_WARN_INFINITE_RECURSION = YES;
				CLANG_WARN_INT_CONVERSION = YES;
				CLANG_WARN_NON_LITERAL_NULL_CONVERSION = YES;
				CLANG_WARN_OBJC_IMPLICIT_RETAIN_SELF = YES;
				CLANG_WARN_OBJC_LITERAL_CONVERSION = YES;
				CLANG_WARN_OBJC_ROOT_CLASS = YES_ERROR;
				CLANG_WARN_QUOTED_INCLUDE_IN_FRAMEWORK_HEADER = YES;
				CLANG_WARN_RANGE_LOOP_ANALYSIS = YES;
				CLANG_WARN_STRICT_PROTOTYPES = YES;
				CLANG_WARN_SUSPICIOUS_MOVE = YES;
				CLANG_WARN_UNGUARDED_AVAILABILITY = YES_AGGRESSIVE;
				CLANG_WARN_UNREACHABLE_CODE = YES;
				CLANG_WARN__DUPLICATE_METHOD_MATCH = YES;
				COPY_PHASE_STRIP = NO;
				DEBUG_INFORMATION_FORMAT = dwarf;
				ENABLE_STRICT_OBJC_MSGSEND = YES;
				ENABLE_TESTABILITY = YES;
				GCC_C_LANGUAGE_STANDARD = gnu11;
				GCC_DYNAMIC_NO_PIC = NO;
				GCC_NO_COMMON_BLOCKS = YES;
				GCC_OPTIMIZATION_LEVEL = 0;
				GCC_PREPROCESSOR_DEFINITIONS = (
					"DEBUG=1",
					"$(inherited)",
				);
				GCC_WARN_64_TO_32_BIT_CONVERSION = YES;
				GCC_WARN_ABOUT_RETURN_TYPE = YES_ERROR;
				GCC_WARN_UNDECLARED_SELECTOR = YES;
				GCC_WARN_UNINITIALIZED_AUTOS = YES_AGGRESSIVE;
				GCC_WARN_UNUSED_FUNCTION = YES;
				GCC_WARN_UNUSED_VARIABLE = YES;
				IPHONEOS_DEPLOYMENT_TARGET = 16.0;
				MTL_ENABLE_DEBUG_INFO = INCLUDE_SOURCE;
				MTL_FAST_MATH = YES;
				ONLY_ACTIVE_ARCH = YES;
				SDKROOT = iphoneos;
				SWIFT_ACTIVE_COMPILATION_CONDITIONS = DEBUG;
				SWIFT_OPTIMIZATION_LEVEL = "-Onone";
			};
			name = Debug;
		};
		A5B4E5F928F1344C00CD8866 /* Release */ = {
			isa = XCBuildConfiguration;
			buildSettings = {
				ALWAYS_SEARCH_USER_PATHS = NO;
				CLANG_ANALYZER_NONNULL = YES;
				CLANG_ANALYZER_NUMBER_OBJECT_CONVERSION = YES_AGGRESSIVE;
				CLANG_CXX_LANGUAGE_STANDARD = "gnu++20";
				CLANG_ENABLE_MODULES = YES;
				CLANG_ENABLE_OBJC_ARC = YES;
				CLANG_ENABLE_OBJC_WEAK = YES;
				CLANG_WARN_BLOCK_CAPTURE_AUTORELEASING = YES;
				CLANG_WARN_BOOL_CONVERSION = YES;
				CLANG_WARN_COMMA = YES;
				CLANG_WARN_CONSTANT_CONVERSION = YES;
				CLANG_WARN_DEPRECATED_OBJC_IMPLEMENTATIONS = YES;
				CLANG_WARN_DIRECT_OBJC_ISA_USAGE = YES_ERROR;
				CLANG_WARN_DOCUMENTATION_COMMENTS = YES;
				CLANG_WARN_EMPTY_BODY = YES;
				CLANG_WARN_ENUM_CONVERSION = YES;
				CLANG_WARN_INFINITE_RECURSION = YES;
				CLANG_WARN_INT_CONVERSION = YES;
				CLANG_WARN_NON_LITERAL_NULL_CONVERSION = YES;
				CLANG_WARN_OBJC_IMPLICIT_RETAIN_SELF = YES;
				CLANG_WARN_OBJC_LITERAL_CONVERSION = YES;
				CLANG_WARN_OBJC_ROOT_CLASS = YES_ERROR;
				CLANG_WARN_QUOTED_INCLUDE_IN_FRAMEWORK_HEADER = YES;
				CLANG_WARN_RANGE_LOOP_ANALYSIS = YES;
				CLANG_WARN_STRICT_PROTOTYPES = YES;
				CLANG_WARN_SUSPICIOUS_MOVE = YES;
				CLANG_WARN_UNGUARDED_AVAILABILITY = YES_AGGRESSIVE;
				CLANG_WARN_UNREACHABLE_CODE = YES;
				CLANG_WARN__DUPLICATE_METHOD_MATCH = YES;
				COPY_PHASE_STRIP = NO;
				DEBUG_INFORMATION_FORMAT = "dwarf-with-dsym";
				ENABLE_NS_ASSERTIONS = NO;
				ENABLE_STRICT_OBJC_MSGSEND = YES;
				GCC_C_LANGUAGE_STANDARD = gnu11;
				GCC_NO_COMMON_BLOCKS = YES;
				GCC_WARN_64_TO_32_BIT_CONVERSION = YES;
				GCC_WARN_ABOUT_RETURN_TYPE = YES_ERROR;
				GCC_WARN_UNDECLARED_SELECTOR = YES;
				GCC_WARN_UNINITIALIZED_AUTOS = YES_AGGRESSIVE;
				GCC_WARN_UNUSED_FUNCTION = YES;
				GCC_WARN_UNUSED_VARIABLE = YES;
				IPHONEOS_DEPLOYMENT_TARGET = 16.0;
				MTL_ENABLE_DEBUG_INFO = NO;
				MTL_FAST_MATH = YES;
				SDKROOT = iphoneos;
				SWIFT_COMPILATION_MODE = wholemodule;
				SWIFT_OPTIMIZATION_LEVEL = "-O";
				VALIDATE_PRODUCT = YES;
			};
			name = Release;
		};
		A5B4E5FB28F1344C00CD8866 /* Debug */ = {
			isa = XCBuildConfiguration;
			baseConfigurationReference = 959E8DA6501E37EFA4F7F40C /* Pods-AllTest.debug.xcconfig */;
			buildSettings = {
				ASSETCATALOG_COMPILER_APPICON_NAME = AppIcon;
				ASSETCATALOG_COMPILER_GLOBAL_ACCENT_COLOR_NAME = AccentColor;
				CODE_SIGN_STYLE = Automatic;
				CURRENT_PROJECT_VERSION = 1;
				DEVELOPMENT_TEAM = SYR4ZS92JA;
				GENERATE_INFOPLIST_FILE = YES;
				INFOPLIST_FILE = AllTest/Info.plist;
				INFOPLIST_KEY_UIApplicationSupportsIndirectInputEvents = YES;
				INFOPLIST_KEY_UILaunchStoryboardName = LaunchScreen;
				INFOPLIST_KEY_UIMainStoryboardFile = Main;
				INFOPLIST_KEY_UISupportedInterfaceOrientations_iPad = "UIInterfaceOrientationPortrait UIInterfaceOrientationPortraitUpsideDown UIInterfaceOrientationLandscapeLeft UIInterfaceOrientationLandscapeRight";
				INFOPLIST_KEY_UISupportedInterfaceOrientations_iPhone = "UIInterfaceOrientationPortrait UIInterfaceOrientationLandscapeLeft UIInterfaceOrientationLandscapeRight";
				LD_RUNPATH_SEARCH_PATHS = (
					"$(inherited)",
					"@executable_path/Frameworks",
				);
				MARKETING_VERSION = 1.0;
				PRODUCT_BUNDLE_IDENTIFIER = test.AllTest;
				PRODUCT_NAME = "$(TARGET_NAME)";
				SWIFT_EMIT_LOC_STRINGS = YES;
				SWIFT_VERSION = 5.0;
				TARGETED_DEVICE_FAMILY = "1,2";
			};
			name = Debug;
		};
		A5B4E5FC28F1344C00CD8866 /* Release */ = {
			isa = XCBuildConfiguration;
			baseConfigurationReference = AD1AE843A1961D91EE1C0E57 /* Pods-AllTest.release.xcconfig */;
			buildSettings = {
				ASSETCATALOG_COMPILER_APPICON_NAME = AppIcon;
				ASSETCATALOG_COMPILER_GLOBAL_ACCENT_COLOR_NAME = AccentColor;
				CODE_SIGN_STYLE = Automatic;
				CURRENT_PROJECT_VERSION = 1;
				DEVELOPMENT_TEAM = SYR4ZS92JA;
				GENERATE_INFOPLIST_FILE = YES;
				INFOPLIST_FILE = AllTest/Info.plist;
				INFOPLIST_KEY_UIApplicationSupportsIndirectInputEvents = YES;
				INFOPLIST_KEY_UILaunchStoryboardName = LaunchScreen;
				INFOPLIST_KEY_UIMainStoryboardFile = Main;
				INFOPLIST_KEY_UISupportedInterfaceOrientations_iPad = "UIInterfaceOrientationPortrait UIInterfaceOrientationPortraitUpsideDown UIInterfaceOrientationLandscapeLeft UIInterfaceOrientationLandscapeRight";
				INFOPLIST_KEY_UISupportedInterfaceOrientations_iPhone = "UIInterfaceOrientationPortrait UIInterfaceOrientationLandscapeLeft UIInterfaceOrientationLandscapeRight";
				LD_RUNPATH_SEARCH_PATHS = (
					"$(inherited)",
					"@executable_path/Frameworks",
				);
				MARKETING_VERSION = 1.0;
				PRODUCT_BUNDLE_IDENTIFIER = test.AllTest;
				PRODUCT_NAME = "$(TARGET_NAME)";
				SWIFT_EMIT_LOC_STRINGS = YES;
				SWIFT_VERSION = 5.0;
				TARGETED_DEVICE_FAMILY = "1,2";
			};
			name = Release;
		};
/* End XCBuildConfiguration section */

/* Begin XCConfigurationList section */
		A5B4E5DE28F1344900CD8866 /* Build configuration list for PBXProject "AllTest" */ = {
			isa = XCConfigurationList;
			buildConfigurations = (
				A5B4E5F828F1344C00CD8866 /* Debug */,
				A5B4E5F928F1344C00CD8866 /* Release */,
			);
			defaultConfigurationIsVisible = 0;
			defaultConfigurationName = Release;
		};
		A5B4E5FA28F1344C00CD8866 /* Build configuration list for PBXNativeTarget "AllTest" */ = {
			isa = XCConfigurationList;
			buildConfigurations = (
				A5B4E5FB28F1344C00CD8866 /* Debug */,
				A5B4E5FC28F1344C00CD8866 /* Release */,
			);
			defaultConfigurationIsVisible = 0;
			defaultConfigurationName = Release;
		};
/* End XCConfigurationList section */

/* Begin XCVersionGroup section */
		A5B4E5EF28F1344900CD8866 /* AllTest.xcdatamodeld */ = {
			isa = XCVersionGroup;
			children = (
				A5B4E5F028F1344900CD8866 /* AllTest.xcdatamodel */,
			);
			currentVersion = A5B4E5F028F1344900CD8866 /* AllTest.xcdatamodel */;
			path = AllTest.xcdatamodeld;
			sourceTree = "<group>";
			versionGroupType = wrapper.xcdatamodel;
		};
/* End XCVersionGroup section */
	};
	rootObject = A5B4E5DB28F1344900CD8866 /* Project object */;
}
